
Microsoft Visual Studio Solution File, Format Version 12.00
# Visual Studio Version 17
VisualStudioVersion = 17.12.35521.163
MinimumVisualStudioVersion = 10.0.40219.1
Project("{FAE04EC0-301F-11D3-BF4B-00C04F79EFBC}") = "API-Gateway", "API-Gateway.csproj", "{D81B162A-2205-4BC4-83B3-9CF658F61616}"
EndProject
Project("{FAE04EC0-301F-11D3-BF4B-00C04F79EFBC}") = "Authentication-Service", "..\Authentication-Service\Authentication-Service.csproj", "{DAD8B2E2-A9F2-45B4-BFE1-A295373CD31A}"
EndProject
Project("{FAE04EC0-301F-11D3-BF4B-00C04F79EFBC}") = "AI-Service", "..\AI-Service\AI-Service.csproj", "{581F6229-545F-4D41-92B3-2B586FB96CAB}"
EndProject
Project("{FAE04EC0-301F-11D3-BF4B-00C04F79EFBC}") = "Users-Service", "..\Users-Service\Users-Service.csproj", "{0D85F609-E30C-4523-96BA-445C4B5BD934}"
EndProject
Project("{FAE04EC0-301F-11D3-BF4B-00C04F79EFBC}") = "Notification-Service", "..\Notification-Service\Notification-Service.csproj", "{814634E7-D516-44FE-98CA-F72868848B33}"
EndProject
Project("{FAE04EC0-301F-11D3-BF4B-00C04F79EFBC}") = "Plans-Service", "..\Plans-Service\Plans-Service.csproj", "{010097D7-516E-40D5-A146-1044D8E7D483}"
EndProject
Project("{FAE04EC0-301F-11D3-BF4B-00C04F79EFBC}") = "Content-Service", "..\Content-Service\Content-Service.csproj", "{2D967D8C-2EE6-4487-8609-B99C18AEDF82}"
EndProject
Project("{FAE04EC0-301F-11D3-BF4B-00C04F79EFBC}") = "Data-Extraction-Service", "..\Data-Extraction-Service\Data-Extraction-Service.csproj", "{10BB0CA0-5621-4FDB-9725-EC4F7E5EE70D}"
EndProject
Global
	GlobalSection(SolutionConfigurationPlatforms) = preSolution
		Debug|Any CPU = Debug|Any CPU
		Release|Any CPU = Release|Any CPU
	EndGlobalSection
	GlobalSection(ProjectConfigurationPlatforms) = postSolution
		{D81B162A-2205-4BC4-83B3-9CF658F61616}.Debug|Any CPU.ActiveCfg = Debug|Any CPU
		{D81B162A-2205-4BC4-83B3-9CF658F61616}.Debug|Any CPU.Build.0 = Debug|Any CPU
		{D81B162A-2205-4BC4-83B3-9CF658F61616}.Release|Any CPU.ActiveCfg = Release|Any CPU
		{D81B162A-2205-4BC4-83B3-9CF658F61616}.Release|Any CPU.Build.0 = Release|Any CPU
		{DAD8B2E2-A9F2-45B4-BFE1-A295373CD31A}.Debug|Any CPU.ActiveCfg = Debug|Any CPU
		{DAD8B2E2-A9F2-45B4-BFE1-A295373CD31A}.Debug|Any CPU.Build.0 = Debug|Any CPU
		{DAD8B2E2-A9F2-45B4-BFE1-A295373CD31A}.Release|Any CPU.ActiveCfg = Release|Any CPU
		{DAD8B2E2-A9F2-45B4-BFE1-A295373CD31A}.Release|Any CPU.Build.0 = Release|Any CPU
		{581F6229-545F-4D41-92B3-2B586FB96CAB}.Debug|Any CPU.ActiveCfg = Debug|Any CPU
		{581F6229-545F-4D41-92B3-2B586FB96CAB}.Debug|Any CPU.Build.0 = Debug|Any CPU
		{581F6229-545F-4D41-92B3-2B586FB96CAB}.Release|Any CPU.ActiveCfg = Release|Any CPU
		{581F6229-545F-4D41-92B3-2B586FB96CAB}.Release|Any CPU.Build.0 = Release|Any CPU
		{0D85F609-E30C-4523-96BA-445C4B5BD934}.Debug|Any CPU.ActiveCfg = Debug|Any CPU
		{0D85F609-E30C-4523-96BA-445C4B5BD934}.Debug|Any CPU.Build.0 = Debug|Any CPU
		{0D85F609-E30C-4523-96BA-445C4B5BD934}.Release|Any CPU.ActiveCfg = Release|Any CPU
		{0D85F609-E30C-4523-96BA-445C4B5BD934}.Release|Any CPU.Build.0 = Release|Any CPU
		{814634E7-D516-44FE-98CA-F72868848B33}.Debug|Any CPU.ActiveCfg = Debug|Any CPU
		{814634E7-D516-44FE-98CA-F72868848B33}.Debug|Any CPU.Build.0 = Debug|Any CPU
		{814634E7-D516-44FE-98CA-F72868848B33}.Release|Any CPU.ActiveCfg = Release|Any CPU
		{814634E7-D516-44FE-98CA-F72868848B33}.Release|Any CPU.Build.0 = Release|Any CPU
		{010097D7-516E-40D5-A146-1044D8E7D483}.Debug|Any CPU.ActiveCfg = Debug|Any CPU
		{010097D7-516E-40D5-A146-1044D8E7D483}.Debug|Any CPU.Build.0 = Debug|Any CPU
		{010097D7-516E-40D5-A146-1044D8E7D483}.Release|Any CPU.ActiveCfg = Release|Any CPU
		{010097D7-516E-40D5-A146-1044D8E7D483}.Release|Any CPU.Build.0 = Release|Any CPU
		{2D967D8C-2EE6-4487-8609-B99C18AEDF82}.Debug|Any CPU.ActiveCfg = Debug|Any CPU
		{2D967D8C-2EE6-4487-8609-B99C18AEDF82}.Debug|Any CPU.Build.0 = Debug|Any CPU
		{2D967D8C-2EE6-4487-8609-B99C18AEDF82}.Release|Any CPU.ActiveCfg = Release|Any CPU
		{2D967D8C-2EE6-4487-8609-B99C18AEDF82}.Release|Any CPU.Build.0 = Release|Any CPU
		{10BB0CA0-5621-4FDB-9725-EC4F7E5EE70D}.Debug|Any CPU.ActiveCfg = Debug|Any CPU
		{10BB0CA0-5621-4FDB-9725-EC4F7E5EE70D}.Debug|Any CPU.Build.0 = Debug|Any CPU
		{10BB0CA0-5621-4FDB-9725-EC4F7E5EE70D}.Release|Any CPU.ActiveCfg = Release|Any CPU
		{10BB0CA0-5621-4FDB-9725-EC4F7E5EE70D}.Release|Any CPU.Build.0 = Release|Any CPU
	EndGlobalSection
	GlobalSection(SolutionProperties) = preSolution
		HideSolutionNode = FALSE
	EndGlobalSection
	GlobalSection(ExtensibilityGlobals) = postSolution
		SolutionGuid = {C7536789-3244-4DB6-B01B-F210840A3059}
	EndGlobalSection
EndGlobal
